// !$*UTF8*$!
{
	archiveVersion = 1;
	classes = {
	};
	objectVersion = 46;
	objects = {

/* Begin PBXBuildFile section */
		CB5368F01904C4890045F430 /* Foundation.framework in Frameworks */ = {isa = PBXBuildFile; fileRef = CB5368EF1904C4890045F430 /* Foundation.framework */; };
		CB5368F21904C4890045F430 /* CoreGraphics.framework in Frameworks */ = {isa = PBXBuildFile; fileRef = CB5368F11904C4890045F430 /* CoreGraphics.framework */; };
		CB5368F41904C4890045F430 /* UIKit.framework in Frameworks */ = {isa = PBXBuildFile; fileRef = CB5368F31904C4890045F430 /* UIKit.framework */; };
		CB5368FA1904C4890045F430 /* InfoPlist.strings in Resources */ = {isa = PBXBuildFile; fileRef = CB5368F81904C4890045F430 /* InfoPlist.strings */; };
		CB5368FC1904C4890045F430 /* main.m in Sources */ = {isa = PBXBuildFile; fileRef = CB5368FB1904C4890045F430 /* main.m */; };
		CB5369001904C4890045F430 /* AppDelegate.m in Sources */ = {isa = PBXBuildFile; fileRef = CB5368FF1904C4890045F430 /* AppDelegate.m */; };
		CB5369031904C4890045F430 /* Main.storyboard in Resources */ = {isa = PBXBuildFile; fileRef = CB5369011904C4890045F430 /* Main.storyboard */; };
		CB5369061904C4890045F430 /* ViewController.m in Sources */ = {isa = PBXBuildFile; fileRef = CB5369051904C4890045F430 /* ViewController.m */; };
		CB5369081904C4890045F430 /* Images.xcassets in Resources */ = {isa = PBXBuildFile; fileRef = CB5369071904C4890045F430 /* Images.xcassets */; };
		CB53690F1904C4890045F430 /* XCTest.framework in Frameworks */ = {isa = PBXBuildFile; fileRef = CB53690E1904C4890045F430 /* XCTest.framework */; };
		CB5369101904C4890045F430 /* Foundation.framework in Frameworks */ = {isa = PBXBuildFile; fileRef = CB5368EF1904C4890045F430 /* Foundation.framework */; };
		CB5369111904C4890045F430 /* UIKit.framework in Frameworks */ = {isa = PBXBuildFile; fileRef = CB5368F31904C4890045F430 /* UIKit.framework */; };
		CB5369191904C4890045F430 /* InfoPlist.strings in Resources */ = {isa = PBXBuildFile; fileRef = CB5369171904C4890045F430 /* InfoPlist.strings */; };
		CB53691B1904C4890045F430 /* BanMaYunSDKTestTests.m in Sources */ = {isa = PBXBuildFile; fileRef = CB53691A1904C4890045F430 /* BanMaYunSDKTestTests.m */; };
/* End PBXBuildFile section */

/* Begin PBXContainerItemProxy section */
		CB5369121904C4890045F430 /* PBXContainerItemProxy */ = {
			isa = PBXContainerItemProxy;
			containerPortal = CB5368E41904C4890045F430 /* Project object */;
			proxyType = 1;
			remoteGlobalIDString = CB5368EB1904C4890045F430;
			remoteInfo = BanMaYunSDKTest;
		};
/* End PBXContainerItemProxy section */

/* Begin PBXFileReference section */
		CB5368EC1904C4890045F430 /* BanMaYunSDKTest.app */ = {isa = PBXFileReference; explicitFileType = wrapper.application; includeInIndex = 0; path = BanMaYunSDKTest.app; sourceTree = BUILT_PRODUCTS_DIR; };
		CB5368EF1904C4890045F430 /* Foundation.framework */ = {isa = PBXFileReference; lastKnownFileType = wrapper.framework; name = Foundation.framework; path = System/Library/Frameworks/Foundation.framework; sourceTree = SDKROOT; };
		CB5368F11904C4890045F430 /* CoreGraphics.framework */ = {isa = PBXFileReference; lastKnownFileType = wrapper.framework; name = CoreGraphics.framework; path = System/Library/Frameworks/CoreGraphics.framework; sourceTree = SDKROOT; };
		CB5368F31904C4890045F430 /* UIKit.framework */ = {isa = PBXFileReference; lastKnownFileType = wrapper.framework; name = UIKit.framework; path = System/Library/Frameworks/UIKit.framework; sourceTree = SDKROOT; };
		CB5368F71904C4890045F430 /* BanMaYunSDKTest-Info.plist */ = {isa = PBXFileReference; lastKnownFileType = text.plist.xml; path = "BanMaYunSDKTest-Info.plist"; sourceTree = "<group>"; };
		CB5368F91904C4890045F430 /* en */ = {isa = PBXFileReference; lastKnownFileType = text.plist.strings; name = en; path = en.lproj/InfoPlist.strings; sourceTree = "<group>"; };
		CB5368FB1904C4890045F430 /* main.m */ = {isa = PBXFileReference; lastKnownFileType = sourcecode.c.objc; path = main.m; sourceTree = "<group>"; };
		CB5368FD1904C4890045F430 /* BanMaYunSDKTest-Prefix.pch */ = {isa = PBXFileReference; lastKnownFileType = sourcecode.c.h; path = "BanMaYunSDKTest-Prefix.pch"; sourceTree = "<group>"; };
		CB5368FE1904C4890045F430 /* AppDelegate.h */ = {isa = PBXFileReference; lastKnownFileType = sourcecode.c.h; path = AppDelegate.h; sourceTree = "<group>"; };
		CB5368FF1904C4890045F430 /* AppDelegate.m */ = {isa = PBXFileReference; lastKnownFileType = sourcecode.c.objc; path = AppDelegate.m; sourceTree = "<group>"; };
		CB5369021904C4890045F430 /* Base */ = {isa = PBXFileReference; lastKnownFileType = file.storyboard; name = Base; path = Base.lproj/Main.storyboard; sourceTree = "<group>"; };
		CB5369041904C4890045F430 /* ViewController.h */ = {isa = PBXFileReference; lastKnownFileType = sourcecode.c.h; path = ViewController.h; sourceTree = "<group>"; };
		CB5369051904C4890045F430 /* ViewController.m */ = {isa = PBXFileReference; lastKnownFileType = sourcecode.c.objc; path = ViewController.m; sourceTree = "<group>"; };
		CB5369071904C4890045F430 /* Images.xcassets */ = {isa = PBXFileReference; lastKnownFileType = folder.assetcatalog; path = Images.xcassets; sourceTree = "<group>"; };
		CB53690D1904C4890045F430 /* BanMaYunSDKTestTests.xctest */ = {isa = PBXFileReference; explicitFileType = wrapper.cfbundle; includeInIndex = 0; path = BanMaYunSDKTestTests.xctest; sourceTree = BUILT_PRODUCTS_DIR; };
		CB53690E1904C4890045F430 /* XCTest.framework */ = {isa = PBXFileReference; lastKnownFileType = wrapper.framework; name = XCTest.framework; path = Library/Frameworks/XCTest.framework; sourceTree = DEVELOPER_DIR; };
		CB5369161904C4890045F430 /* BanMaYunSDKTestTests-Info.plist */ = {isa = PBXFileReference; lastKnownFileType = text.plist.xml; path = "BanMaYunSDKTestTests-Info.plist"; sourceTree = "<group>"; };
		CB5369181904C4890045F430 /* en */ = {isa = PBXFileReference; lastKnownFileType = text.plist.strings; name = en; path = en.lproj/InfoPlist.strings; sourceTree = "<group>"; };
		CB53691A1904C4890045F430 /* BanMaYunSDKTestTests.m */ = {isa = PBXFileReference; lastKnownFileType = sourcecode.c.objc; path = BanMaYunSDKTestTests.m; sourceTree = "<group>"; };
/* End PBXFileReference section */

/* Begin PBXFrameworksBuildPhase section */
		CB5368E91904C4890045F430 /* Frameworks */ = {
			isa = PBXFrameworksBuildPhase;
			buildActionMask = 2147483647;
			files = (
				CB5368F21904C4890045F430 /* CoreGraphics.framework in Frameworks */,
				CB5368F41904C4890045F430 /* UIKit.framework in Frameworks */,
				CB5368F01904C4890045F430 /* Foundation.framework in Frameworks */,
			);
			runOnlyForDeploymentPostprocessing = 0;
		};
		CB53690A1904C4890045F430 /* Frameworks */ = {
			isa = PBXFrameworksBuildPhase;
			buildActionMask = 2147483647;
			files = (
				CB53690F1904C4890045F430 /* XCTest.framework in Frameworks */,
				CB5369111904C4890045F430 /* UIKit.framework in Frameworks */,
				CB5369101904C4890045F430 /* Foundation.framework in Frameworks */,
			);
			runOnlyForDeploymentPostprocessing = 0;
		};
/* End PBXFrameworksBuildPhase section */

/* Begin PBXGroup section */
		CB5368E31904C4890045F430 = {
			isa = PBXGroup;
			children = (
				CB5368F51904C4890045F430 /* BanMaYunSDKTest */,
				CB5369141904C4890045F430 /* BanMaYunSDKTestTests */,
				CB5368EE1904C4890045F430 /* Frameworks */,
				CB5368ED1904C4890045F430 /* Products */,
			);
			sourceTree = "<group>";
		};
		CB5368ED1904C4890045F430 /* Products */ = {
			isa = PBXGroup;
			children = (
				CB5368EC1904C4890045F430 /* BanMaYunSDKTest.app */,
				CB53690D1904C4890045F430 /* BanMaYunSDKTestTests.xctest */,
			);
			name = Products;
			sourceTree = "<group>";
		};
		CB5368EE1904C4890045F430 /* Frameworks */ = {
			isa = PBXGroup;
			children = (
				CB5368EF1904C4890045F430 /* Foundation.framework */,
				CB5368F11904C4890045F430 /* CoreGraphics.framework */,
				CB5368F31904C4890045F430 /* UIKit.framework */,
				CB53690E1904C4890045F430 /* XCTest.framework */,
			);
			name = Frameworks;
			sourceTree = "<group>";
		};
		CB5368F51904C4890045F430 /* BanMaYunSDKTest */ = {
			isa = PBXGroup;
			children = (
				CB5368FE1904C4890045F430 /* AppDelegate.h */,
				CB5368FF1904C4890045F430 /* AppDelegate.m */,
				CB5369011904C4890045F430 /* Main.storyboard */,
				CB5369041904C4890045F430 /* ViewController.h */,
				CB5369051904C4890045F430 /* ViewController.m */,
				CB5369071904C4890045F430 /* Images.xcassets */,
				CB5368F61904C4890045F430 /* Supporting Files */,
			);
			path = BanMaYunSDKTest;
			sourceTree = "<group>";
		};
		CB5368F61904C4890045F430 /* Supporting Files */ = {
			isa = PBXGroup;
			children = (
				CB5368F71904C4890045F430 /* BanMaYunSDKTest-Info.plist */,
				CB5368F81904C4890045F430 /* InfoPlist.strings */,
				CB5368FB1904C4890045F430 /* main.m */,
				CB5368FD1904C4890045F430 /* BanMaYunSDKTest-Prefix.pch */,
			);
			name = "Supporting Files";
			sourceTree = "<group>";
		};
		CB5369141904C4890045F430 /* BanMaYunSDKTestTests */ = {
			isa = PBXGroup;
			children = (
				CB53691A1904C4890045F430 /* BanMaYunSDKTestTests.m */,
				CB5369151904C4890045F430 /* Supporting Files */,
			);
			path = BanMaYunSDKTestTests;
			sourceTree = "<group>";
		};
		CB5369151904C4890045F430 /* Supporting Files */ = {
			isa = PBXGroup;
			children = (
				CB5369161904C4890045F430 /* BanMaYunSDKTestTests-Info.plist */,
				CB5369171904C4890045F430 /* InfoPlist.strings */,
			);
			name = "Supporting Files";
			sourceTree = "<group>";
		};
/* End PBXGroup section */

/* Begin PBXNativeTarget section */
		CB5368EB1904C4890045F430 /* BanMaYunSDKTest */ = {
			isa = PBXNativeTarget;
			buildConfigurationList = CB53691E1904C4890045F430 /* Build configuration list for PBXNativeTarget "BanMaYunSDKTest" */;
			buildPhases = (
				CB5368E81904C4890045F430 /* Sources */,
				CB5368E91904C4890045F430 /* Frameworks */,
				CB5368EA1904C4890045F430 /* Resources */,
			);
			buildRules = (
			);
			dependencies = (
			);
			name = BanMaYunSDKTest;
			productName = BanMaYunSDKTest;
			productReference = CB5368EC1904C4890045F430 /* BanMaYunSDKTest.app */;
			productType = "com.apple.product-type.application";
		};
		CB53690C1904C4890045F430 /* BanMaYunSDKTestTests */ = {
			isa = PBXNativeTarget;
			buildConfigurationList = CB5369211904C4890045F430 /* Build configuration list for PBXNativeTarget "BanMaYunSDKTestTests" */;
			buildPhases = (
				CB5369091904C4890045F430 /* Sources */,
				CB53690A1904C4890045F430 /* Frameworks */,
				CB53690B1904C4890045F430 /* Resources */,
			);
			buildRules = (
			);
			dependencies = (
				CB5369131904C4890045F430 /* PBXTargetDependency */,
			);
			name = BanMaYunSDKTestTests;
			productName = BanMaYunSDKTestTests;
			productReference = CB53690D1904C4890045F430 /* BanMaYunSDKTestTests.xctest */;
			productType = "com.apple.product-type.bundle.unit-test";
		};
/* End PBXNativeTarget section */

/* Begin PBXProject section */
		CB5368E41904C4890045F430 /* Project object */ = {
			isa = PBXProject;
			attributes = {
				LastUpgradeCheck = 0510;
				ORGANIZATIONNAME = MeePoTech;
				TargetAttributes = {
					CB53690C1904C4890045F430 = {
						TestTargetID = CB5368EB1904C4890045F430;
					};
				};
			};
			buildConfigurationList = CB5368E71904C4890045F430 /* Build configuration list for PBXProject "BanMaYunSDKTest" */;
			compatibilityVersion = "Xcode 3.2";
			developmentRegion = English;
			hasScannedForEncodings = 0;
			knownRegions = (
				en,
				Base,
			);
			mainGroup = CB5368E31904C4890045F430;
			productRefGroup = CB5368ED1904C4890045F430 /* Products */;
			projectDirPath = "";
			projectRoot = "";
			targets = (
				CB5368EB1904C4890045F430 /* BanMaYunSDKTest */,
				CB53690C1904C4890045F430 /* BanMaYunSDKTestTests */,
			);
		};
/* End PBXProject section */

/* Begin PBXResourcesBuildPhase section */
		CB5368EA1904C4890045F430 /* Resources */ = {
			isa = PBXResourcesBuildPhase;
			buildActionMask = 2147483647;
			files = (
				CB5369081904C4890045F430 /* Images.xcassets in Resources */,
				CB5368FA1904C4890045F430 /* InfoPlist.strings in Resources */,
				CB5369031904C4890045F430 /* Main.storyboard in Resources */,
			);
			runOnlyForDeploymentPostprocessing = 0;
		};
		CB53690B1904C4890045F430 /* Resources */ = {
			isa = PBXResourcesBuildPhase;
			buildActionMask = 2147483647;
			files = (
				CB5369191904C4890045F430 /* InfoPlist.strings in Resources */,
			);
			runOnlyForDeploymentPostprocessing = 0;
		};
/* End PBXResourcesBuildPhase section */

/* Begin PBXSourcesBuildPhase section */
		CB5368E81904C4890045F430 /* Sources */ = {
			isa = PBXSourcesBuildPhase;
			buildActionMask = 2147483647;
			files = (
				CB5369061904C4890045F430 /* ViewController.m in Sources */,
				CB5369001904C4890045F430 /* AppDelegate.m in Sources */,
				CB5368FC1904C4890045F430 /* main.m in Sources */,
			);
			runOnlyForDeploymentPostprocessing = 0;
		};
		CB5369091904C4890045F430 /* Sources */ = {
			isa = PBXSourcesBuildPhase;
			buildActionMask = 2147483647;
			files = (
				CB53691B1904C4890045F430 /* BanMaYunSDKTestTests.m in Sources */,
			);
			runOnlyForDeploymentPostprocessing = 0;
		};
/* End PBXSourcesBuildPhase section */

/* Begin PBXTargetDependency section */
		CB5369131904C4890045F430 /* PBXTargetDependency */ = {
			isa = PBXTargetDependency;
			target = CB5368EB1904C4890045F430 /* BanMaYunSDKTest */;
			targetProxy = CB5369121904C4890045F430 /* PBXContainerItemProxy */;
		};
/* End PBXTargetDependency section */

/* Begin PBXVariantGroup section */
		CB5368F81904C4890045F430 /* InfoPlist.strings */ = {
			isa = PBXVariantGroup;
			children = (
				CB5368F91904C4890045F430 /* en */,
			);
			name = InfoPlist.strings;
			sourceTree = "<group>";
		};
		CB5369011904C4890045F430 /* Main.storyboard */ = {
			isa = PBXVariantGroup;
			children = (
				CB5369021904C4890045F430 /* Base */,
			);
			name = Main.storyboard;
			sourceTree = "<group>";
		};
		CB5369171904C4890045F430 /* InfoPlist.strings */ = {
			isa = PBXVariantGroup;
			children = (
				CB5369181904C4890045F430 /* en */,
			);
			name = InfoPlist.strings;
			sourceTree = "<group>";
		};
/* End PBXVariantGroup section */

/* Begin XCBuildConfiguration section */
		CB53691C1904C4890045F430 /* Debug */ = {
			isa = XCBuildConfiguration;
			buildSettings = {
				ALWAYS_SEARCH_USER_PATHS = NO;
				CLANG_CXX_LANGUAGE_STANDARD = "gnu++0x";
				CLANG_CXX_LIBRARY = "libc++";
				CLANG_ENABLE_MODULES = YES;
				CLANG_ENABLE_OBJC_ARC = YES;
				CLANG_WARN_BOOL_CONVERSION = YES;
				CLANG_WARN_CONSTANT_CONVERSION = YES;
				CLANG_WARN_DIRECT_OBJC_ISA_USAGE = YES_ERROR;
				CLANG_WARN_EMPTY_BODY = YES;
				CLANG_WARN_ENUM_CONVERSION = YES;
				CLANG_WARN_INT_CONVERSION = YES;
				CLANG_WARN_OBJC_ROOT_CLASS = YES_ERROR;
				CLANG_WARN__DUPLICATE_METHOD_MATCH = YES;
				"CODE_SIGN_IDENTITY[sdk=iphoneos*]" = "iPhone Developer";
				COPY_PHASE_STRIP = NO;
				GCC_C_LANGUAGE_STANDARD = gnu99;
				GCC_DYNAMIC_NO_PIC = NO;
				GCC_OPTIMIZATION_LEVEL = 0;
				GCC_PREPROCESSOR_DEFINITIONS = (
					"DEBUG=1",
					"$(inherited)",
				);
				GCC_SYMBOLS_PRIVATE_EXTERN = NO;
				GCC_WARN_64_TO_32_BIT_CONVERSION = YES;
				GCC_WARN_ABOUT_RETURN_TYPE = YES_ERROR;
				GCC_WARN_UNDECLARED_SELECTOR = YES;
				GCC_WARN_UNINITIALIZED_AUTOS = YES_AGGRESSIVE;
				GCC_WARN_UNUSED_FUNCTION = YES;
				GCC_WARN_UNUSED_VARIABLE = YES;
				IPHONEOS_DEPLOYMENT_TARGET = 7.1;
				ONLY_ACTIVE_ARCH = YES;
				SDKROOT = iphoneos;
			};
			name = Debug;
		};
		CB53691D1904C4890045F430 /* Release */ = {
			isa = XCBuildConfiguration;
			buildSettings = {
				ALWAYS_SEARCH_USER_PATHS = NO;
				CLANG_CXX_LANGUAGE_STANDARD = "gnu++0x";
				CLANG_CXX_LIBRARY = "libc++";
				CLANG_ENABLE_MODULES = YES;
				CLANG_ENABLE_OBJC_ARC = YES;
				CLANG_WARN_BOOL_CONVERSION = YES;
				CLANG_WARN_CONSTANT_CONVERSION = YES;
				CLANG_WARN_DIRECT_OBJC_ISA_USAGE = YES_ERROR;
				CLANG_WARN_EMPTY_BODY = YES;
				CLANG_WARN_ENUM_CONVERSION = YES;
				CLANG_WARN_INT_CONVERSION = YES;
				CLANG_WARN_OBJC_ROOT_CLASS = YES_ERROR;
				CLANG_WARN__DUPLICATE_METHOD_MATCH = YES;
				"CODE_SIGN_IDENTITY[sdk=iphoneos*]" = "iPhone Developer";
				COPY_PHASE_STRIP = YES;
				ENABLE_NS_ASSERTIONS = NO;
				GCC_C_LANGUAGE_STANDARD = gnu99;
				GCC_WARN_64_TO_32_BIT_CONVERSION = YES;
				GCC_WARN_ABOUT_RETURN_TYPE = YES_ERROR;
				GCC_WARN_UNDECLARED_SELECTOR = YES;
				GCC_WARN_UNINITIALIZED_AUTOS = YES_AGGRESSIVE;
				GCC_WARN_UNUSED_FUNCTION = YES;
				GCC_WARN_UNUSED_VARIABLE = YES;
				IPHONEOS_DEPLOYMENT_TARGET = 7.1;
				SDKROOT = iphoneos;
				VALIDATE_PRODUCT = YES;
			};
			name = Release;
		};
		CB53691F1904C4890045F430 /* Debug */ = {
			isa = XCBuildConfiguration;
			buildSettings = {
				ASSETCATALOG_COMPILER_APPICON_NAME = AppIcon;
				ASSETCATALOG_COMPILER_LAUNCHIMAGE_NAME = LaunchImage;
				GCC_PRECOMPILE_PREFIX_HEADER = YES;
				GCC_PREFIX_HEADER = "BanMaYunSDKTest/BanMaYunSDKTest-Prefix.pch";
				INFOPLIST_FILE = "BanMaYunSDKTest/BanMaYunSDKTest-Info.plist";
				PRODUCT_NAME = "$(TARGET_NAME)";
				WRAPPER_EXTENSION = app;
			};
			name = Debug;
		};
		CB5369201904C4890045F430 /* Release */ = {
			isa = XCBuildConfiguration;
			buildSettings = {
				ASSETCATALOG_COMPILER_APPICON_NAME = AppIcon;
				ASSETCATALOG_COMPILER_LAUNCHIMAGE_NAME = LaunchImage;
				GCC_PRECOMPILE_PREFIX_HEADER = YES;
				GCC_PREFIX_HEADER = "BanMaYunSDKTest/BanMaYunSDKTest-Prefix.pch";
				INFOPLIST_FILE = "BanMaYunSDKTest/BanMaYunSDKTest-Info.plist";
				PRODUCT_NAME = "$(TARGET_NAME)";
				WRAPPER_EXTENSION = app;
			};
			name = Release;
		};
		CB5369221904C4890045F430 /* Debug */ = {
			isa = XCBuildConfiguration;
			buildSettings = {
				BUNDLE_LOADER = "$(BUILT_PRODUCTS_DIR)/BanMaYunSDKTest.app/BanMaYunSDKTest";
				FRAMEWORK_SEARCH_PATHS = (
					"$(SDKROOT)/Developer/Library/Frameworks",
					"$(inherited)",
					"$(DEVELOPER_FRAMEWORKS_DIR)",
				);
				GCC_PRECOMPILE_PREFIX_HEADER = YES;
				GCC_PREFIX_HEADER = "BanMaYunSDKTest/BanMaYunSDKTest-Prefix.pch";
				GCC_PREPROCESSOR_DEFINITIONS = (
					"DEBUG=1",
					"$(inherited)",
				);
				INFOPLIST_FILE = "BanMaYunSDKTestTests/BanMaYunSDKTestTests-Info.plist";
				PRODUCT_NAME = "$(TARGET_NAME)";
				TEST_HOST = "$(BUNDLE_LOADER)";
				WRAPPER_EXTENSION = xctest;
			};
			name = Debug;
		};
		CB5369231904C4890045F430 /* Release */ = {
			isa = XCBuildConfiguration;
			buildSettings = {
				BUNDLE_LOADER = "$(BUILT_PRODUCTS_DIR)/BanMaYunSDKTest.app/BanMaYunSDKTest";
				FRAMEWORK_SEARCH_PATHS = (
					"$(SDKROOT)/Developer/Library/Frameworks",
					"$(inherited)",
					"$(DEVELOPER_FRAMEWORKS_DIR)",
				);
				GCC_PRECOMPILE_PREFIX_HEADER = YES;
				GCC_PREFIX_HEADER = "BanMaYunSDKTest/BanMaYunSDKTest-Prefix.pch";
				INFOPLIST_FILE = "BanMaYunSDKTestTests/BanMaYunSDKTestTests-Info.plist";
				PRODUCT_NAME = "$(TARGET_NAME)";
				TEST_HOST = "$(BUNDLE_LOADER)";
				WRAPPER_EXTENSION = xctest;
			};
			name = Release;
		};
/* End XCBuildConfiguration section */

/* Begin XCConfigurationList section */
		CB5368E71904C4890045F430 /* Build configuration list for PBXProject "BanMaYunSDKTest" */ = {
			isa = XCConfigurationList;
			buildConfigurations = (
				CB53691C1904C4890045F430 /* Debug */,
				CB53691D1904C4890045F430 /* Release */,
			);
			defaultConfigurationIsVisible = 0;
			defaultConfigurationName = Release;
		};
		CB53691E1904C4890045F430 /* Build configuration list for PBXNativeTarget "BanMaYunSDKTest" */ = {
			isa = XCConfigurationList;
			buildConfigurations = (
				CB53691F1904C4890045F430 /* Debug */,
				CB5369201904C4890045F430 /* Release */,
			);
			defaultConfigurationIsVisible = 0;
		};
		CB5369211904C4890045F430 /* Build configuration list for PBXNativeTarget "BanMaYunSDKTestTests" */ = {
			isa = XCConfigurationList;
			buildConfigurations = (
				CB5369221904C4890045F430 /* Debug */,
				CB5369231904C4890045F430 /* Release */,
			);
			defaultConfigurationIsVisible = 0;
		};
/* End XCConfigurationList section */
	};
	rootObject = CB5368E41904C4890045F430 /* Project object */;
}
