// !$*UTF8*$!
{
	archiveVersion = 1;
	classes = {
	};
	objectVersion = 46;
	objects = {

/* Begin PBXBuildFile section */
		CB5368F01904C4890045F430 /* Foundation.framework in Frameworks */ = {isa = PBXBuildFile; fileRef = CB5368EF1904C4890045F430 /* Foundation.framework */; };
		CB5368F21904C4890045F430 /* CoreGraphics.framework in Frameworks */ = {isa = PBXBuildFile; fileRef = CB5368F11904C4890045F430 /* CoreGraphics.framework */; };
		CB5368F41904C4890045F430 /* UIKit.framework in Frameworks */ = {isa = PBXBuildFile; fileRef = CB5368F31904C4890045F430 /* UIKit.framework */; };
		CB5368FA1904C4890045F430 /* InfoPlist.strings in Resources */ = {isa = PBXBuildFile; fileRef = CB5368F81904C4890045F430 /* InfoPlist.strings */; };
		CB5368FC1904C4890045F430 /* main.m in Sources */ = {isa = PBXBuildFile; fileRef = CB5368FB1904C4890045F430 /* main.m */; };
		CB5369001904C4890045F430 /* AppDelegate.m in Sources */ = {isa = PBXBuildFile; fileRef = CB5368FF1904C4890045F430 /* AppDelegate.m */; };
		CB5369031904C4890045F430 /* Main.storyboard in Resources */ = {isa = PBXBuildFile; fileRef = CB5369011904C4890045F430 /* Main.storyboard */; };
		CB5369061904C4890045F430 /* ViewController.m in Sources */ = {isa = PBXBuildFile; fileRef = CB5369051904C4890045F430 /* ViewController.m */; };
		CB5369081904C4890045F430 /* Images.xcassets in Resources */ = {isa = PBXBuildFile; fileRef = CB5369071904C4890045F430 /* Images.xcassets */; };
		CB53690F1904C4890045F430 /* XCTest.framework in Frameworks */ = {isa = PBXBuildFile; fileRef = CB53690E1904C4890045F430 /* XCTest.framework */; };
		CB5369101904C4890045F430 /* Foundation.framework in Frameworks */ = {isa = PBXBuildFile; fileRef = CB5368EF1904C4890045F430 /* Foundation.framework */; };
		CB5369111904C4890045F430 /* UIKit.framework in Frameworks */ = {isa = PBXBuildFile; fileRef = CB5368F31904C4890045F430 /* UIKit.framework */; };
		CB5369191904C4890045F430 /* InfoPlist.strings in Resources */ = {isa = PBXBuildFile; fileRef = CB5369171904C4890045F430 /* InfoPlist.strings */; };
		CB53691B1904C4890045F430 /* BanMaYunSDKTestTests.m in Sources */ = {isa = PBXBuildFile; fileRef = CB53691A1904C4890045F430 /* BanMaYunSDKTestTests.m */; };
		CB536A671904EFC70045F430 /* BMYRequest.m in Sources */ = {isa = PBXBuildFile; fileRef = CB536A5E1904EFC70045F430 /* BMYRequest.m */; };
		CB536A681904EFC70045F430 /* BMYRestClient.m in Sources */ = {isa = PBXBuildFile; fileRef = CB536A601904EFC70045F430 /* BMYRestClient.m */; };
		CB536A691904EFC70045F430 /* BMYSession.m in Sources */ = {isa = PBXBuildFile; fileRef = CB536A621904EFC70045F430 /* BMYSession.m */; };
		CB536A6A1904EFC70045F430 /* BMYURLRequestParameter.m in Sources */ = {isa = PBXBuildFile; fileRef = CB536A641904EFC70045F430 /* BMYURLRequestParameter.m */; };
		CB536A6B1904EFC70045F430 /* NSString+URLEscapingAdditions.m in Sources */ = {isa = PBXBuildFile; fileRef = CB536A661904EFC70045F430 /* NSString+URLEscapingAdditions.m */; };
		CB536A901904EFD30045F430 /* BMYChunkedUpload.m in Sources */ = {isa = PBXBuildFile; fileRef = CB536A6D1904EFD30045F430 /* BMYChunkedUpload.m */; };
		CB536A911904EFD30045F430 /* BMYComment.m in Sources */ = {isa = PBXBuildFile; fileRef = CB536A6F1904EFD30045F430 /* BMYComment.m */; };
		CB536A921904EFD30045F430 /* BMYGroup.m in Sources */ = {isa = PBXBuildFile; fileRef = CB536A711904EFD30045F430 /* BMYGroup.m */; };
		CB536A931904EFD30045F430 /* BMYGroupType.m in Sources */ = {isa = PBXBuildFile; fileRef = CB536A731904EFD30045F430 /* BMYGroupType.m */; };
		CB536A941904EFD30045F430 /* BMYLink.m in Sources */ = {isa = PBXBuildFile; fileRef = CB536A751904EFD30045F430 /* BMYLink.m */; };
		CB536A951904EFD30045F430 /* BMYMetadata.m in Sources */ = {isa = PBXBuildFile; fileRef = CB536A771904EFD30045F430 /* BMYMetadata.m */; };
		CB536A961904EFD30045F430 /* BMYPermission.m in Sources */ = {isa = PBXBuildFile; fileRef = CB536A791904EFD30045F430 /* BMYPermission.m */; };
		CB536A971904EFD30045F430 /* BMYRelation.m in Sources */ = {isa = PBXBuildFile; fileRef = CB536A7B1904EFD30045F430 /* BMYRelation.m */; };
		CB536A981904EFD30045F430 /* BMYRelationRole.m in Sources */ = {isa = PBXBuildFile; fileRef = CB536A7D1904EFD30045F430 /* BMYRelationRole.m */; };
		CB536A991904EFD30045F430 /* BMYResultList.m in Sources */ = {isa = PBXBuildFile; fileRef = CB536A7F1904EFD30045F430 /* BMYResultList.m */; };
		CB536A9A1904EFD30045F430 /* BMYRevision.m in Sources */ = {isa = PBXBuildFile; fileRef = CB536A811904EFD30045F430 /* BMYRevision.m */; };
		CB536A9B1904EFD30045F430 /* BMYRoot.m in Sources */ = {isa = PBXBuildFile; fileRef = CB536A831904EFD30045F430 /* BMYRoot.m */; };
		CB536A9C1904EFD30045F430 /* BMYShare.m in Sources */ = {isa = PBXBuildFile; fileRef = CB536A851904EFD30045F430 /* BMYShare.m */; };
		CB536A9D1904EFD30045F430 /* BMYSize.m in Sources */ = {isa = PBXBuildFile; fileRef = CB536A871904EFD30045F430 /* BMYSize.m */; };
		CB536A9E1904EFD30045F430 /* BMYTime.m in Sources */ = {isa = PBXBuildFile; fileRef = CB536A891904EFD30045F430 /* BMYTime.m */; };
		CB536A9F1904EFD30045F430 /* BMYTrash.m in Sources */ = {isa = PBXBuildFile; fileRef = CB536A8B1904EFD30045F430 /* BMYTrash.m */; };
		CB536AA01904EFD30045F430 /* BMYUser.m in Sources */ = {isa = PBXBuildFile; fileRef = CB536A8D1904EFD30045F430 /* BMYUser.m */; };
		CB536AA11904EFD30045F430 /* BMYUserRole.m in Sources */ = {isa = PBXBuildFile; fileRef = CB536A8F1904EFD30045F430 /* BMYUserRole.m */; };
		CB536AB11904EFF00045F430 /* BMYJSON.m in Sources */ = {isa = PBXBuildFile; fileRef = CB536AA51904EFF00045F430 /* BMYJSON.m */; settings = {COMPILER_FLAGS = "-fno-objc-arc"; }; };
		CB536AB21904EFF00045F430 /* BMYJsonBase.m in Sources */ = {isa = PBXBuildFile; fileRef = CB536AA71904EFF00045F430 /* BMYJsonBase.m */; settings = {COMPILER_FLAGS = "-fno-objc-arc"; }; };
		CB536AB31904EFF00045F430 /* BMYJsonParser.m in Sources */ = {isa = PBXBuildFile; fileRef = CB536AA91904EFF00045F430 /* BMYJsonParser.m */; settings = {COMPILER_FLAGS = "-fno-objc-arc"; }; };
		CB536AB41904EFF00045F430 /* BMYJsonWriter.m in Sources */ = {isa = PBXBuildFile; fileRef = CB536AAB1904EFF00045F430 /* BMYJsonWriter.m */; settings = {COMPILER_FLAGS = "-fno-objc-arc"; }; };
		CB536AB51904EFF00045F430 /* NSObject+BMYJSON.m in Sources */ = {isa = PBXBuildFile; fileRef = CB536AAE1904EFF00045F430 /* NSObject+BMYJSON.m */; settings = {COMPILER_FLAGS = "-fno-objc-arc"; }; };
		CB536AB61904EFF00045F430 /* NSString+BMYJSON.m in Sources */ = {isa = PBXBuildFile; fileRef = CB536AB01904EFF00045F430 /* NSString+BMYJSON.m */; settings = {COMPILER_FLAGS = "-fno-objc-arc"; }; };
		CB536ABA1904F0040045F430 /* DBBase64Transcoder.c in Sources */ = {isa = PBXBuildFile; fileRef = CB536AB81904F0040045F430 /* DBBase64Transcoder.c */; };
		CB536ABF1904F00D0045F430 /* BMYError.m in Sources */ = {isa = PBXBuildFile; fileRef = CB536ABC1904F00D0045F430 /* BMYError.m */; };
		CB536AC01904F00D0045F430 /* BMYLog.m in Sources */ = {isa = PBXBuildFile; fileRef = CB536ABE1904F00D0045F430 /* BMYLog.m */; };
/* End PBXBuildFile section */

/* Begin PBXContainerItemProxy section */
		CB5369121904C4890045F430 /* PBXContainerItemProxy */ = {
			isa = PBXContainerItemProxy;
			containerPortal = CB5368E41904C4890045F430 /* Project object */;
			proxyType = 1;
			remoteGlobalIDString = CB5368EB1904C4890045F430;
			remoteInfo = BanMaYunSDKTest;
		};
/* End PBXContainerItemProxy section */

/* Begin PBXFileReference section */
		CB5368EC1904C4890045F430 /* BanMaYunSDKTest.app */ = {isa = PBXFileReference; explicitFileType = wrapper.application; includeInIndex = 0; path = BanMaYunSDKTest.app; sourceTree = BUILT_PRODUCTS_DIR; };
		CB5368EF1904C4890045F430 /* Foundation.framework */ = {isa = PBXFileReference; lastKnownFileType = wrapper.framework; name = Foundation.framework; path = System/Library/Frameworks/Foundation.framework; sourceTree = SDKROOT; };
		CB5368F11904C4890045F430 /* CoreGraphics.framework */ = {isa = PBXFileReference; lastKnownFileType = wrapper.framework; name = CoreGraphics.framework; path = System/Library/Frameworks/CoreGraphics.framework; sourceTree = SDKROOT; };
		CB5368F31904C4890045F430 /* UIKit.framework */ = {isa = PBXFileReference; lastKnownFileType = wrapper.framework; name = UIKit.framework; path = System/Library/Frameworks/UIKit.framework; sourceTree = SDKROOT; };
		CB5368F71904C4890045F430 /* BanMaYunSDKTest-Info.plist */ = {isa = PBXFileReference; lastKnownFileType = text.plist.xml; path = "BanMaYunSDKTest-Info.plist"; sourceTree = "<group>"; };
		CB5368F91904C4890045F430 /* en */ = {isa = PBXFileReference; lastKnownFileType = text.plist.strings; name = en; path = en.lproj/InfoPlist.strings; sourceTree = "<group>"; };
		CB5368FB1904C4890045F430 /* main.m */ = {isa = PBXFileReference; lastKnownFileType = sourcecode.c.objc; path = main.m; sourceTree = "<group>"; };
		CB5368FD1904C4890045F430 /* BanMaYunSDKTest-Prefix.pch */ = {isa = PBXFileReference; lastKnownFileType = sourcecode.c.h; path = "BanMaYunSDKTest-Prefix.pch"; sourceTree = "<group>"; };
		CB5368FE1904C4890045F430 /* AppDelegate.h */ = {isa = PBXFileReference; lastKnownFileType = sourcecode.c.h; path = AppDelegate.h; sourceTree = "<group>"; };
		CB5368FF1904C4890045F430 /* AppDelegate.m */ = {isa = PBXFileReference; lastKnownFileType = sourcecode.c.objc; path = AppDelegate.m; sourceTree = "<group>"; };
		CB5369021904C4890045F430 /* Base */ = {isa = PBXFileReference; lastKnownFileType = file.storyboard; name = Base; path = Base.lproj/Main.storyboard; sourceTree = "<group>"; };
		CB5369041904C4890045F430 /* ViewController.h */ = {isa = PBXFileReference; lastKnownFileType = sourcecode.c.h; path = ViewController.h; sourceTree = "<group>"; };
		CB5369051904C4890045F430 /* ViewController.m */ = {isa = PBXFileReference; lastKnownFileType = sourcecode.c.objc; path = ViewController.m; sourceTree = "<group>"; };
		CB5369071904C4890045F430 /* Images.xcassets */ = {isa = PBXFileReference; lastKnownFileType = folder.assetcatalog; path = Images.xcassets; sourceTree = "<group>"; };
		CB53690D1904C4890045F430 /* BanMaYunSDKTestTests.xctest */ = {isa = PBXFileReference; explicitFileType = wrapper.cfbundle; includeInIndex = 0; path = BanMaYunSDKTestTests.xctest; sourceTree = BUILT_PRODUCTS_DIR; };
		CB53690E1904C4890045F430 /* XCTest.framework */ = {isa = PBXFileReference; lastKnownFileType = wrapper.framework; name = XCTest.framework; path = Library/Frameworks/XCTest.framework; sourceTree = DEVELOPER_DIR; };
		CB5369161904C4890045F430 /* BanMaYunSDKTestTests-Info.plist */ = {isa = PBXFileReference; lastKnownFileType = text.plist.xml; path = "BanMaYunSDKTestTests-Info.plist"; sourceTree = "<group>"; };
		CB5369181904C4890045F430 /* en */ = {isa = PBXFileReference; lastKnownFileType = text.plist.strings; name = en; path = en.lproj/InfoPlist.strings; sourceTree = "<group>"; };
		CB53691A1904C4890045F430 /* BanMaYunSDKTestTests.m */ = {isa = PBXFileReference; lastKnownFileType = sourcecode.c.objc; path = BanMaYunSDKTestTests.m; sourceTree = "<group>"; };
		CB536A5D1904EFC70045F430 /* BMYRequest.h */ = {isa = PBXFileReference; fileEncoding = 4; lastKnownFileType = sourcecode.c.h; name = BMYRequest.h; path = ../../src/Connect/BMYRequest.h; sourceTree = "<group>"; };
		CB536A5E1904EFC70045F430 /* BMYRequest.m */ = {isa = PBXFileReference; fileEncoding = 4; lastKnownFileType = sourcecode.c.objc; name = BMYRequest.m; path = ../../src/Connect/BMYRequest.m; sourceTree = "<group>"; };
		CB536A5F1904EFC70045F430 /* BMYRestClient.h */ = {isa = PBXFileReference; fileEncoding = 4; lastKnownFileType = sourcecode.c.h; name = BMYRestClient.h; path = ../../src/Connect/BMYRestClient.h; sourceTree = "<group>"; };
		CB536A601904EFC70045F430 /* BMYRestClient.m */ = {isa = PBXFileReference; fileEncoding = 4; lastKnownFileType = sourcecode.c.objc; name = BMYRestClient.m; path = ../../src/Connect/BMYRestClient.m; sourceTree = "<group>"; };
		CB536A611904EFC70045F430 /* BMYSession.h */ = {isa = PBXFileReference; fileEncoding = 4; lastKnownFileType = sourcecode.c.h; name = BMYSession.h; path = ../../src/Connect/BMYSession.h; sourceTree = "<group>"; };
		CB536A621904EFC70045F430 /* BMYSession.m */ = {isa = PBXFileReference; fileEncoding = 4; lastKnownFileType = sourcecode.c.objc; name = BMYSession.m; path = ../../src/Connect/BMYSession.m; sourceTree = "<group>"; };
		CB536A631904EFC70045F430 /* BMYURLRequestParameter.h */ = {isa = PBXFileReference; fileEncoding = 4; lastKnownFileType = sourcecode.c.h; name = BMYURLRequestParameter.h; path = ../../src/Connect/BMYURLRequestParameter.h; sourceTree = "<group>"; };
		CB536A641904EFC70045F430 /* BMYURLRequestParameter.m */ = {isa = PBXFileReference; fileEncoding = 4; lastKnownFileType = sourcecode.c.objc; name = BMYURLRequestParameter.m; path = ../../src/Connect/BMYURLRequestParameter.m; sourceTree = "<group>"; };
		CB536A651904EFC70045F430 /* NSString+URLEscapingAdditions.h */ = {isa = PBXFileReference; fileEncoding = 4; lastKnownFileType = sourcecode.c.h; name = "NSString+URLEscapingAdditions.h"; path = "../../src/Connect/NSString+URLEscapingAdditions.h"; sourceTree = "<group>"; };
		CB536A661904EFC70045F430 /* NSString+URLEscapingAdditions.m */ = {isa = PBXFileReference; fileEncoding = 4; lastKnownFileType = sourcecode.c.objc; name = "NSString+URLEscapingAdditions.m"; path = "../../src/Connect/NSString+URLEscapingAdditions.m"; sourceTree = "<group>"; };
		CB536A6C1904EFD30045F430 /* BMYChunkedUpload.h */ = {isa = PBXFileReference; fileEncoding = 4; lastKnownFileType = sourcecode.c.h; name = BMYChunkedUpload.h; path = ../../src/Info/BMYChunkedUpload.h; sourceTree = "<group>"; };
		CB536A6D1904EFD30045F430 /* BMYChunkedUpload.m */ = {isa = PBXFileReference; fileEncoding = 4; lastKnownFileType = sourcecode.c.objc; name = BMYChunkedUpload.m; path = ../../src/Info/BMYChunkedUpload.m; sourceTree = "<group>"; };
		CB536A6E1904EFD30045F430 /* BMYComment.h */ = {isa = PBXFileReference; fileEncoding = 4; lastKnownFileType = sourcecode.c.h; name = BMYComment.h; path = ../../src/Info/BMYComment.h; sourceTree = "<group>"; };
		CB536A6F1904EFD30045F430 /* BMYComment.m */ = {isa = PBXFileReference; fileEncoding = 4; lastKnownFileType = sourcecode.c.objc; name = BMYComment.m; path = ../../src/Info/BMYComment.m; sourceTree = "<group>"; };
		CB536A701904EFD30045F430 /* BMYGroup.h */ = {isa = PBXFileReference; fileEncoding = 4; lastKnownFileType = sourcecode.c.h; name = BMYGroup.h; path = ../../src/Info/BMYGroup.h; sourceTree = "<group>"; };
		CB536A711904EFD30045F430 /* BMYGroup.m */ = {isa = PBXFileReference; fileEncoding = 4; lastKnownFileType = sourcecode.c.objc; name = BMYGroup.m; path = ../../src/Info/BMYGroup.m; sourceTree = "<group>"; };
		CB536A721904EFD30045F430 /* BMYGroupType.h */ = {isa = PBXFileReference; fileEncoding = 4; lastKnownFileType = sourcecode.c.h; name = BMYGroupType.h; path = ../../src/Info/BMYGroupType.h; sourceTree = "<group>"; };
		CB536A731904EFD30045F430 /* BMYGroupType.m */ = {isa = PBXFileReference; fileEncoding = 4; lastKnownFileType = sourcecode.c.objc; name = BMYGroupType.m; path = ../../src/Info/BMYGroupType.m; sourceTree = "<group>"; };
		CB536A741904EFD30045F430 /* BMYLink.h */ = {isa = PBXFileReference; fileEncoding = 4; lastKnownFileType = sourcecode.c.h; name = BMYLink.h; path = ../../src/Info/BMYLink.h; sourceTree = "<group>"; };
		CB536A751904EFD30045F430 /* BMYLink.m */ = {isa = PBXFileReference; fileEncoding = 4; lastKnownFileType = sourcecode.c.objc; name = BMYLink.m; path = ../../src/Info/BMYLink.m; sourceTree = "<group>"; };
		CB536A761904EFD30045F430 /* BMYMetadata.h */ = {isa = PBXFileReference; fileEncoding = 4; lastKnownFileType = sourcecode.c.h; name = BMYMetadata.h; path = ../../src/Info/BMYMetadata.h; sourceTree = "<group>"; };
		CB536A771904EFD30045F430 /* BMYMetadata.m */ = {isa = PBXFileReference; fileEncoding = 4; lastKnownFileType = sourcecode.c.objc; name = BMYMetadata.m; path = ../../src/Info/BMYMetadata.m; sourceTree = "<group>"; };
		CB536A781904EFD30045F430 /* BMYPermission.h */ = {isa = PBXFileReference; fileEncoding = 4; lastKnownFileType = sourcecode.c.h; name = BMYPermission.h; path = ../../src/Info/BMYPermission.h; sourceTree = "<group>"; };
		CB536A791904EFD30045F430 /* BMYPermission.m */ = {isa = PBXFileReference; fileEncoding = 4; lastKnownFileType = sourcecode.c.objc; name = BMYPermission.m; path = ../../src/Info/BMYPermission.m; sourceTree = "<group>"; };
		CB536A7A1904EFD30045F430 /* BMYRelation.h */ = {isa = PBXFileReference; fileEncoding = 4; lastKnownFileType = sourcecode.c.h; name = BMYRelation.h; path = ../../src/Info/BMYRelation.h; sourceTree = "<group>"; };
		CB536A7B1904EFD30045F430 /* BMYRelation.m */ = {isa = PBXFileReference; fileEncoding = 4; lastKnownFileType = sourcecode.c.objc; name = BMYRelation.m; path = ../../src/Info/BMYRelation.m; sourceTree = "<group>"; };
		CB536A7C1904EFD30045F430 /* BMYRelationRole.h */ = {isa = PBXFileReference; fileEncoding = 4; lastKnownFileType = sourcecode.c.h; name = BMYRelationRole.h; path = ../../src/Info/BMYRelationRole.h; sourceTree = "<group>"; };
		CB536A7D1904EFD30045F430 /* BMYRelationRole.m */ = {isa = PBXFileReference; fileEncoding = 4; lastKnownFileType = sourcecode.c.objc; name = BMYRelationRole.m; path = ../../src/Info/BMYRelationRole.m; sourceTree = "<group>"; };
		CB536A7E1904EFD30045F430 /* BMYResultList.h */ = {isa = PBXFileReference; fileEncoding = 4; lastKnownFileType = sourcecode.c.h; name = BMYResultList.h; path = ../../src/Info/BMYResultList.h; sourceTree = "<group>"; };
		CB536A7F1904EFD30045F430 /* BMYResultList.m */ = {isa = PBXFileReference; fileEncoding = 4; lastKnownFileType = sourcecode.c.objc; name = BMYResultList.m; path = ../../src/Info/BMYResultList.m; sourceTree = "<group>"; };
		CB536A801904EFD30045F430 /* BMYRevision.h */ = {isa = PBXFileReference; fileEncoding = 4; lastKnownFileType = sourcecode.c.h; name = BMYRevision.h; path = ../../src/Info/BMYRevision.h; sourceTree = "<group>"; };
		CB536A811904EFD30045F430 /* BMYRevision.m */ = {isa = PBXFileReference; fileEncoding = 4; lastKnownFileType = sourcecode.c.objc; name = BMYRevision.m; path = ../../src/Info/BMYRevision.m; sourceTree = "<group>"; };
		CB536A821904EFD30045F430 /* BMYRoot.h */ = {isa = PBXFileReference; fileEncoding = 4; lastKnownFileType = sourcecode.c.h; name = BMYRoot.h; path = ../../src/Info/BMYRoot.h; sourceTree = "<group>"; };
		CB536A831904EFD30045F430 /* BMYRoot.m */ = {isa = PBXFileReference; fileEncoding = 4; lastKnownFileType = sourcecode.c.objc; name = BMYRoot.m; path = ../../src/Info/BMYRoot.m; sourceTree = "<group>"; };
		CB536A841904EFD30045F430 /* BMYShare.h */ = {isa = PBXFileReference; fileEncoding = 4; lastKnownFileType = sourcecode.c.h; name = BMYShare.h; path = ../../src/Info/BMYShare.h; sourceTree = "<group>"; };
		CB536A851904EFD30045F430 /* BMYShare.m */ = {isa = PBXFileReference; fileEncoding = 4; lastKnownFileType = sourcecode.c.objc; name = BMYShare.m; path = ../../src/Info/BMYShare.m; sourceTree = "<group>"; };
		CB536A861904EFD30045F430 /* BMYSize.h */ = {isa = PBXFileReference; fileEncoding = 4; lastKnownFileType = sourcecode.c.h; name = BMYSize.h; path = ../../src/Info/BMYSize.h; sourceTree = "<group>"; };
		CB536A871904EFD30045F430 /* BMYSize.m */ = {isa = PBXFileReference; fileEncoding = 4; lastKnownFileType = sourcecode.c.objc; name = BMYSize.m; path = ../../src/Info/BMYSize.m; sourceTree = "<group>"; };
		CB536A881904EFD30045F430 /* BMYTime.h */ = {isa = PBXFileReference; fileEncoding = 4; lastKnownFileType = sourcecode.c.h; name = BMYTime.h; path = ../../src/Info/BMYTime.h; sourceTree = "<group>"; };
		CB536A891904EFD30045F430 /* BMYTime.m */ = {isa = PBXFileReference; fileEncoding = 4; lastKnownFileType = sourcecode.c.objc; name = BMYTime.m; path = ../../src/Info/BMYTime.m; sourceTree = "<group>"; };
		CB536A8A1904EFD30045F430 /* BMYTrash.h */ = {isa = PBXFileReference; fileEncoding = 4; lastKnownFileType = sourcecode.c.h; name = BMYTrash.h; path = ../../src/Info/BMYTrash.h; sourceTree = "<group>"; };
		CB536A8B1904EFD30045F430 /* BMYTrash.m */ = {isa = PBXFileReference; fileEncoding = 4; lastKnownFileType = sourcecode.c.objc; name = BMYTrash.m; path = ../../src/Info/BMYTrash.m; sourceTree = "<group>"; };
		CB536A8C1904EFD30045F430 /* BMYUser.h */ = {isa = PBXFileReference; fileEncoding = 4; lastKnownFileType = sourcecode.c.h; name = BMYUser.h; path = ../../src/Info/BMYUser.h; sourceTree = "<group>"; };
		CB536A8D1904EFD30045F430 /* BMYUser.m */ = {isa = PBXFileReference; fileEncoding = 4; lastKnownFileType = sourcecode.c.objc; name = BMYUser.m; path = ../../src/Info/BMYUser.m; sourceTree = "<group>"; };
		CB536A8E1904EFD30045F430 /* BMYUserRole.h */ = {isa = PBXFileReference; fileEncoding = 4; lastKnownFileType = sourcecode.c.h; name = BMYUserRole.h; path = ../../src/Info/BMYUserRole.h; sourceTree = "<group>"; };
		CB536A8F1904EFD30045F430 /* BMYUserRole.m */ = {isa = PBXFileReference; fileEncoding = 4; lastKnownFileType = sourcecode.c.objc; name = BMYUserRole.m; path = ../../src/Info/BMYUserRole.m; sourceTree = "<group>"; };
		CB536AA41904EFF00045F430 /* BMYJSON.h */ = {isa = PBXFileReference; fileEncoding = 4; lastKnownFileType = sourcecode.c.h; name = BMYJSON.h; path = ../../src/JSON/BMYJSON.h; sourceTree = "<group>"; };
		CB536AA51904EFF00045F430 /* BMYJSON.m */ = {isa = PBXFileReference; fileEncoding = 4; lastKnownFileType = sourcecode.c.objc; name = BMYJSON.m; path = ../../src/JSON/BMYJSON.m; sourceTree = "<group>"; };
		CB536AA61904EFF00045F430 /* BMYJsonBase.h */ = {isa = PBXFileReference; fileEncoding = 4; lastKnownFileType = sourcecode.c.h; name = BMYJsonBase.h; path = ../../src/JSON/BMYJsonBase.h; sourceTree = "<group>"; };
		CB536AA71904EFF00045F430 /* BMYJsonBase.m */ = {isa = PBXFileReference; fileEncoding = 4; lastKnownFileType = sourcecode.c.objc; name = BMYJsonBase.m; path = ../../src/JSON/BMYJsonBase.m; sourceTree = "<group>"; };
		CB536AA81904EFF00045F430 /* BMYJsonParser.h */ = {isa = PBXFileReference; fileEncoding = 4; lastKnownFileType = sourcecode.c.h; name = BMYJsonParser.h; path = ../../src/JSON/BMYJsonParser.h; sourceTree = "<group>"; };
		CB536AA91904EFF00045F430 /* BMYJsonParser.m */ = {isa = PBXFileReference; fileEncoding = 4; lastKnownFileType = sourcecode.c.objc; name = BMYJsonParser.m; path = ../../src/JSON/BMYJsonParser.m; sourceTree = "<group>"; };
		CB536AAA1904EFF00045F430 /* BMYJsonWriter.h */ = {isa = PBXFileReference; fileEncoding = 4; lastKnownFileType = sourcecode.c.h; name = BMYJsonWriter.h; path = ../../src/JSON/BMYJsonWriter.h; sourceTree = "<group>"; };
		CB536AAB1904EFF00045F430 /* BMYJsonWriter.m */ = {isa = PBXFileReference; fileEncoding = 4; lastKnownFileType = sourcecode.c.objc; name = BMYJsonWriter.m; path = ../../src/JSON/BMYJsonWriter.m; sourceTree = "<group>"; };
		CB536AAC1904EFF00045F430 /* JSON.h */ = {isa = PBXFileReference; fileEncoding = 4; lastKnownFileType = sourcecode.c.h; name = JSON.h; path = ../../src/JSON/JSON.h; sourceTree = "<group>"; };
		CB536AAD1904EFF00045F430 /* NSObject+BMYJSON.h */ = {isa = PBXFileReference; fileEncoding = 4; lastKnownFileType = sourcecode.c.h; name = "NSObject+BMYJSON.h"; path = "../../src/JSON/NSObject+BMYJSON.h"; sourceTree = "<group>"; };
		CB536AAE1904EFF00045F430 /* NSObject+BMYJSON.m */ = {isa = PBXFileReference; fileEncoding = 4; lastKnownFileType = sourcecode.c.objc; name = "NSObject+BMYJSON.m"; path = "../../src/JSON/NSObject+BMYJSON.m"; sourceTree = "<group>"; };
		CB536AAF1904EFF00045F430 /* NSString+BMYJSON.h */ = {isa = PBXFileReference; fileEncoding = 4; lastKnownFileType = sourcecode.c.h; name = "NSString+BMYJSON.h"; path = "../../src/JSON/NSString+BMYJSON.h"; sourceTree = "<group>"; };
		CB536AB01904EFF00045F430 /* NSString+BMYJSON.m */ = {isa = PBXFileReference; fileEncoding = 4; lastKnownFileType = sourcecode.c.objc; name = "NSString+BMYJSON.m"; path = "../../src/JSON/NSString+BMYJSON.m"; sourceTree = "<group>"; };
		CB536AB81904F0040045F430 /* DBBase64Transcoder.c */ = {isa = PBXFileReference; fileEncoding = 4; lastKnownFileType = sourcecode.c.c; name = DBBase64Transcoder.c; path = ../../src/Other/Crypto/DBBase64Transcoder.c; sourceTree = "<group>"; };
		CB536AB91904F0040045F430 /* DBBase64Transcoder.h */ = {isa = PBXFileReference; fileEncoding = 4; lastKnownFileType = sourcecode.c.h; name = DBBase64Transcoder.h; path = ../../src/Other/Crypto/DBBase64Transcoder.h; sourceTree = "<group>"; };
		CB536ABB1904F00D0045F430 /* BMYError.h */ = {isa = PBXFileReference; fileEncoding = 4; lastKnownFileType = sourcecode.c.h; name = BMYError.h; path = ../../src/Other/BMYError.h; sourceTree = "<group>"; };
		CB536ABC1904F00D0045F430 /* BMYError.m */ = {isa = PBXFileReference; fileEncoding = 4; lastKnownFileType = sourcecode.c.objc; name = BMYError.m; path = ../../src/Other/BMYError.m; sourceTree = "<group>"; };
		CB536ABD1904F00D0045F430 /* BMYLog.h */ = {isa = PBXFileReference; fileEncoding = 4; lastKnownFileType = sourcecode.c.h; name = BMYLog.h; path = ../../src/Other/BMYLog.h; sourceTree = "<group>"; };
		CB536ABE1904F00D0045F430 /* BMYLog.m */ = {isa = PBXFileReference; fileEncoding = 4; lastKnownFileType = sourcecode.c.objc; name = BMYLog.m; path = ../../src/Other/BMYLog.m; sourceTree = "<group>"; };
/* End PBXFileReference section */

/* Begin PBXFrameworksBuildPhase section */
		CB5368E91904C4890045F430 /* Frameworks */ = {
			isa = PBXFrameworksBuildPhase;
			buildActionMask = 2147483647;
			files = (
				CB5368F21904C4890045F430 /* CoreGraphics.framework in Frameworks */,
				CB5368F41904C4890045F430 /* UIKit.framework in Frameworks */,
				CB5368F01904C4890045F430 /* Foundation.framework in Frameworks */,
			);
			runOnlyForDeploymentPostprocessing = 0;
		};
		CB53690A1904C4890045F430 /* Frameworks */ = {
			isa = PBXFrameworksBuildPhase;
			buildActionMask = 2147483647;
			files = (
				CB53690F1904C4890045F430 /* XCTest.framework in Frameworks */,
				CB5369111904C4890045F430 /* UIKit.framework in Frameworks */,
				CB5369101904C4890045F430 /* Foundation.framework in Frameworks */,
			);
			runOnlyForDeploymentPostprocessing = 0;
		};
/* End PBXFrameworksBuildPhase section */

/* Begin PBXGroup section */
		CB5368E31904C4890045F430 = {
			isa = PBXGroup;
			children = (
				CB536A571904EF720045F430 /* src */,
				CB536A581904EF790045F430 /* test */,
				CB5368EE1904C4890045F430 /* Frameworks */,
				CB5368ED1904C4890045F430 /* Products */,
			);
			sourceTree = "<group>";
		};
		CB5368ED1904C4890045F430 /* Products */ = {
			isa = PBXGroup;
			children = (
				CB5368EC1904C4890045F430 /* BanMaYunSDKTest.app */,
				CB53690D1904C4890045F430 /* BanMaYunSDKTestTests.xctest */,
			);
			name = Products;
			sourceTree = "<group>";
		};
		CB5368EE1904C4890045F430 /* Frameworks */ = {
			isa = PBXGroup;
			children = (
				CB5368EF1904C4890045F430 /* Foundation.framework */,
				CB5368F11904C4890045F430 /* CoreGraphics.framework */,
				CB5368F31904C4890045F430 /* UIKit.framework */,
				CB53690E1904C4890045F430 /* XCTest.framework */,
			);
			name = Frameworks;
			sourceTree = "<group>";
		};
		CB5368F51904C4890045F430 /* BanMaYunSDKTest */ = {
			isa = PBXGroup;
			children = (
				CB5368FE1904C4890045F430 /* AppDelegate.h */,
				CB5368FF1904C4890045F430 /* AppDelegate.m */,
				CB5369011904C4890045F430 /* Main.storyboard */,
				CB5369041904C4890045F430 /* ViewController.h */,
				CB5369051904C4890045F430 /* ViewController.m */,
				CB5369071904C4890045F430 /* Images.xcassets */,
				CB5368F61904C4890045F430 /* Supporting Files */,
			);
			path = BanMaYunSDKTest;
			sourceTree = "<group>";
		};
		CB5368F61904C4890045F430 /* Supporting Files */ = {
			isa = PBXGroup;
			children = (
				CB5368F71904C4890045F430 /* BanMaYunSDKTest-Info.plist */,
				CB5368F81904C4890045F430 /* InfoPlist.strings */,
				CB5368FB1904C4890045F430 /* main.m */,
				CB5368FD1904C4890045F430 /* BanMaYunSDKTest-Prefix.pch */,
			);
			name = "Supporting Files";
			sourceTree = "<group>";
		};
		CB5369141904C4890045F430 /* BanMaYunSDKTestTests */ = {
			isa = PBXGroup;
			children = (
				CB53691A1904C4890045F430 /* BanMaYunSDKTestTests.m */,
				CB5369151904C4890045F430 /* Supporting Files */,
			);
			path = BanMaYunSDKTestTests;
			sourceTree = "<group>";
		};
		CB5369151904C4890045F430 /* Supporting Files */ = {
			isa = PBXGroup;
			children = (
				CB5369161904C4890045F430 /* BanMaYunSDKTestTests-Info.plist */,
				CB5369171904C4890045F430 /* InfoPlist.strings */,
			);
			name = "Supporting Files";
			sourceTree = "<group>";
		};
		CB536A571904EF720045F430 /* src */ = {
			isa = PBXGroup;
			children = (
				CB536A5C1904EFA80045F430 /* Connect */,
				CB536A5B1904EFA40045F430 /* Info */,
				CB536A5A1904EF9E0045F430 /* JSON */,
				CB536A591904EF950045F430 /* Other */,
			);
			name = src;
			sourceTree = "<group>";
		};
		CB536A581904EF790045F430 /* test */ = {
			isa = PBXGroup;
			children = (
				CB5368F51904C4890045F430 /* BanMaYunSDKTest */,
				CB5369141904C4890045F430 /* BanMaYunSDKTestTests */,
			);
			name = test;
			sourceTree = "<group>";
		};
		CB536A591904EF950045F430 /* Other */ = {
			isa = PBXGroup;
			children = (
				CB536ABB1904F00D0045F430 /* BMYError.h */,
				CB536ABC1904F00D0045F430 /* BMYError.m */,
				CB536ABD1904F00D0045F430 /* BMYLog.h */,
				CB536ABE1904F00D0045F430 /* BMYLog.m */,
				CB536AB71904EFF60045F430 /* Crypto */,
			);
			name = Other;
			sourceTree = "<group>";
		};
		CB536A5A1904EF9E0045F430 /* JSON */ = {
			isa = PBXGroup;
			children = (
				CB536AA41904EFF00045F430 /* BMYJSON.h */,
				CB536AA51904EFF00045F430 /* BMYJSON.m */,
				CB536AA61904EFF00045F430 /* BMYJsonBase.h */,
				CB536AA71904EFF00045F430 /* BMYJsonBase.m */,
				CB536AA81904EFF00045F430 /* BMYJsonParser.h */,
				CB536AA91904EFF00045F430 /* BMYJsonParser.m */,
				CB536AAA1904EFF00045F430 /* BMYJsonWriter.h */,
				CB536AAB1904EFF00045F430 /* BMYJsonWriter.m */,
				CB536AAC1904EFF00045F430 /* JSON.h */,
				CB536AAD1904EFF00045F430 /* NSObject+BMYJSON.h */,
				CB536AAE1904EFF00045F430 /* NSObject+BMYJSON.m */,
				CB536AAF1904EFF00045F430 /* NSString+BMYJSON.h */,
				CB536AB01904EFF00045F430 /* NSString+BMYJSON.m */,
			);
			name = JSON;
			sourceTree = "<group>";
		};
		CB536A5B1904EFA40045F430 /* Info */ = {
			isa = PBXGroup;
			children = (
				CB536A6C1904EFD30045F430 /* BMYChunkedUpload.h */,
				CB536A6D1904EFD30045F430 /* BMYChunkedUpload.m */,
				CB536A6E1904EFD30045F430 /* BMYComment.h */,
				CB536A6F1904EFD30045F430 /* BMYComment.m */,
				CB536A701904EFD30045F430 /* BMYGroup.h */,
				CB536A711904EFD30045F430 /* BMYGroup.m */,
				CB536A721904EFD30045F430 /* BMYGroupType.h */,
				CB536A731904EFD30045F430 /* BMYGroupType.m */,
				CB536A741904EFD30045F430 /* BMYLink.h */,
				CB536A751904EFD30045F430 /* BMYLink.m */,
				CB536A761904EFD30045F430 /* BMYMetadata.h */,
				CB536A771904EFD30045F430 /* BMYMetadata.m */,
				CB536A781904EFD30045F430 /* BMYPermission.h */,
				CB536A791904EFD30045F430 /* BMYPermission.m */,
				CB536A7A1904EFD30045F430 /* BMYRelation.h */,
				CB536A7B1904EFD30045F430 /* BMYRelation.m */,
				CB536A7C1904EFD30045F430 /* BMYRelationRole.h */,
				CB536A7D1904EFD30045F430 /* BMYRelationRole.m */,
				CB536A7E1904EFD30045F430 /* BMYResultList.h */,
				CB536A7F1904EFD30045F430 /* BMYResultList.m */,
				CB536A801904EFD30045F430 /* BMYRevision.h */,
				CB536A811904EFD30045F430 /* BMYRevision.m */,
				CB536A821904EFD30045F430 /* BMYRoot.h */,
				CB536A831904EFD30045F430 /* BMYRoot.m */,
				CB536A841904EFD30045F430 /* BMYShare.h */,
				CB536A851904EFD30045F430 /* BMYShare.m */,
				CB536A861904EFD30045F430 /* BMYSize.h */,
				CB536A871904EFD30045F430 /* BMYSize.m */,
				CB536A881904EFD30045F430 /* BMYTime.h */,
				CB536A891904EFD30045F430 /* BMYTime.m */,
				CB536A8A1904EFD30045F430 /* BMYTrash.h */,
				CB536A8B1904EFD30045F430 /* BMYTrash.m */,
				CB536A8C1904EFD30045F430 /* BMYUser.h */,
				CB536A8D1904EFD30045F430 /* BMYUser.m */,
				CB536A8E1904EFD30045F430 /* BMYUserRole.h */,
				CB536A8F1904EFD30045F430 /* BMYUserRole.m */,
			);
			name = Info;
			sourceTree = "<group>";
		};
		CB536A5C1904EFA80045F430 /* Connect */ = {
			isa = PBXGroup;
			children = (
				CB536A5D1904EFC70045F430 /* BMYRequest.h */,
				CB536A5E1904EFC70045F430 /* BMYRequest.m */,
				CB536A5F1904EFC70045F430 /* BMYRestClient.h */,
				CB536A601904EFC70045F430 /* BMYRestClient.m */,
				CB536A611904EFC70045F430 /* BMYSession.h */,
				CB536A621904EFC70045F430 /* BMYSession.m */,
				CB536A631904EFC70045F430 /* BMYURLRequestParameter.h */,
				CB536A641904EFC70045F430 /* BMYURLRequestParameter.m */,
				CB536A651904EFC70045F430 /* NSString+URLEscapingAdditions.h */,
				CB536A661904EFC70045F430 /* NSString+URLEscapingAdditions.m */,
			);
			name = Connect;
			sourceTree = "<group>";
		};
		CB536AB71904EFF60045F430 /* Crypto */ = {
			isa = PBXGroup;
			children = (
				CB536AB81904F0040045F430 /* DBBase64Transcoder.c */,
				CB536AB91904F0040045F430 /* DBBase64Transcoder.h */,
			);
			name = Crypto;
			sourceTree = "<group>";
		};
/* End PBXGroup section */

/* Begin PBXNativeTarget section */
		CB5368EB1904C4890045F430 /* BanMaYunSDKTest */ = {
			isa = PBXNativeTarget;
			buildConfigurationList = CB53691E1904C4890045F430 /* Build configuration list for PBXNativeTarget "BanMaYunSDKTest" */;
			buildPhases = (
				CB5368E81904C4890045F430 /* Sources */,
				CB5368E91904C4890045F430 /* Frameworks */,
				CB5368EA1904C4890045F430 /* Resources */,
			);
			buildRules = (
			);
			dependencies = (
			);
			name = BanMaYunSDKTest;
			productName = BanMaYunSDKTest;
			productReference = CB5368EC1904C4890045F430 /* BanMaYunSDKTest.app */;
			productType = "com.apple.product-type.application";
		};
		CB53690C1904C4890045F430 /* BanMaYunSDKTestTests */ = {
			isa = PBXNativeTarget;
			buildConfigurationList = CB5369211904C4890045F430 /* Build configuration list for PBXNativeTarget "BanMaYunSDKTestTests" */;
			buildPhases = (
				CB5369091904C4890045F430 /* Sources */,
				CB53690A1904C4890045F430 /* Frameworks */,
				CB53690B1904C4890045F430 /* Resources */,
			);
			buildRules = (
			);
			dependencies = (
				CB5369131904C4890045F430 /* PBXTargetDependency */,
			);
			name = BanMaYunSDKTestTests;
			productName = BanMaYunSDKTestTests;
			productReference = CB53690D1904C4890045F430 /* BanMaYunSDKTestTests.xctest */;
			productType = "com.apple.product-type.bundle.unit-test";
		};
/* End PBXNativeTarget section */

/* Begin PBXProject section */
		CB5368E41904C4890045F430 /* Project object */ = {
			isa = PBXProject;
			attributes = {
				LastUpgradeCheck = 0510;
				ORGANIZATIONNAME = MeePoTech;
				TargetAttributes = {
					CB53690C1904C4890045F430 = {
						TestTargetID = CB5368EB1904C4890045F430;
					};
				};
			};
			buildConfigurationList = CB5368E71904C4890045F430 /* Build configuration list for PBXProject "BanMaYunSDKTest" */;
			compatibilityVersion = "Xcode 3.2";
			developmentRegion = English;
			hasScannedForEncodings = 0;
			knownRegions = (
				en,
				Base,
			);
			mainGroup = CB5368E31904C4890045F430;
			productRefGroup = CB5368ED1904C4890045F430 /* Products */;
			projectDirPath = "";
			projectRoot = "";
			targets = (
				CB5368EB1904C4890045F430 /* BanMaYunSDKTest */,
				CB53690C1904C4890045F430 /* BanMaYunSDKTestTests */,
			);
		};
/* End PBXProject section */

/* Begin PBXResourcesBuildPhase section */
		CB5368EA1904C4890045F430 /* Resources */ = {
			isa = PBXResourcesBuildPhase;
			buildActionMask = 2147483647;
			files = (
				CB5369081904C4890045F430 /* Images.xcassets in Resources */,
				CB5368FA1904C4890045F430 /* InfoPlist.strings in Resources */,
				CB5369031904C4890045F430 /* Main.storyboard in Resources */,
			);
			runOnlyForDeploymentPostprocessing = 0;
		};
		CB53690B1904C4890045F430 /* Resources */ = {
			isa = PBXResourcesBuildPhase;
			buildActionMask = 2147483647;
			files = (
				CB5369191904C4890045F430 /* InfoPlist.strings in Resources */,
			);
			runOnlyForDeploymentPostprocessing = 0;
		};
/* End PBXResourcesBuildPhase section */

/* Begin PBXSourcesBuildPhase section */
		CB5368E81904C4890045F430 /* Sources */ = {
			isa = PBXSourcesBuildPhase;
			buildActionMask = 2147483647;
			files = (
				CB536A961904EFD30045F430 /* BMYPermission.m in Sources */,
				CB536AB31904EFF00045F430 /* BMYJsonParser.m in Sources */,
				CB536AA11904EFD30045F430 /* BMYUserRole.m in Sources */,
				CB536AB51904EFF00045F430 /* NSObject+BMYJSON.m in Sources */,
				CB536A671904EFC70045F430 /* BMYRequest.m in Sources */,
				CB536A6B1904EFC70045F430 /* NSString+URLEscapingAdditions.m in Sources */,
				CB5369061904C4890045F430 /* ViewController.m in Sources */,
				CB536ABA1904F0040045F430 /* DBBase64Transcoder.c in Sources */,
				CB5369001904C4890045F430 /* AppDelegate.m in Sources */,
				CB536A9D1904EFD30045F430 /* BMYSize.m in Sources */,
				CB536A941904EFD30045F430 /* BMYLink.m in Sources */,
				CB536AB41904EFF00045F430 /* BMYJsonWriter.m in Sources */,
				CB536A691904EFC70045F430 /* BMYSession.m in Sources */,
				CB536ABF1904F00D0045F430 /* BMYError.m in Sources */,
				CB536A991904EFD30045F430 /* BMYResultList.m in Sources */,
				CB536A9A1904EFD30045F430 /* BMYRevision.m in Sources */,
				CB536A921904EFD30045F430 /* BMYGroup.m in Sources */,
				CB5368FC1904C4890045F430 /* main.m in Sources */,
				CB536A681904EFC70045F430 /* BMYRestClient.m in Sources */,
				CB536A931904EFD30045F430 /* BMYGroupType.m in Sources */,
				CB536AB61904EFF00045F430 /* NSString+BMYJSON.m in Sources */,
				CB536A9C1904EFD30045F430 /* BMYShare.m in Sources */,
				CB536A9F1904EFD30045F430 /* BMYTrash.m in Sources */,
				CB536AB21904EFF00045F430 /* BMYJsonBase.m in Sources */,
				CB536A901904EFD30045F430 /* BMYChunkedUpload.m in Sources */,
				CB536A951904EFD30045F430 /* BMYMetadata.m in Sources */,
				CB536AC01904F00D0045F430 /* BMYLog.m in Sources */,
				CB536A9E1904EFD30045F430 /* BMYTime.m in Sources */,
				CB536AA01904EFD30045F430 /* BMYUser.m in Sources */,
				CB536A911904EFD30045F430 /* BMYComment.m in Sources */,
				CB536A9B1904EFD30045F430 /* BMYRoot.m in Sources */,
				CB536A971904EFD30045F430 /* BMYRelation.m in Sources */,
				CB536A981904EFD30045F430 /* BMYRelationRole.m in Sources */,
				CB536AB11904EFF00045F430 /* BMYJSON.m in Sources */,
				CB536A6A1904EFC70045F430 /* BMYURLRequestParameter.m in Sources */,
			);
			runOnlyForDeploymentPostprocessing = 0;
		};
		CB5369091904C4890045F430 /* Sources */ = {
			isa = PBXSourcesBuildPhase;
			buildActionMask = 2147483647;
			files = (
				CB53691B1904C4890045F430 /* BanMaYunSDKTestTests.m in Sources */,
			);
			runOnlyForDeploymentPostprocessing = 0;
		};
/* End PBXSourcesBuildPhase section */

/* Begin PBXTargetDependency section */
		CB5369131904C4890045F430 /* PBXTargetDependency */ = {
			isa = PBXTargetDependency;
			target = CB5368EB1904C4890045F430 /* BanMaYunSDKTest */;
			targetProxy = CB5369121904C4890045F430 /* PBXContainerItemProxy */;
		};
/* End PBXTargetDependency section */

/* Begin PBXVariantGroup section */
		CB5368F81904C4890045F430 /* InfoPlist.strings */ = {
			isa = PBXVariantGroup;
			children = (
				CB5368F91904C4890045F430 /* en */,
			);
			name = InfoPlist.strings;
			sourceTree = "<group>";
		};
		CB5369011904C4890045F430 /* Main.storyboard */ = {
			isa = PBXVariantGroup;
			children = (
				CB5369021904C4890045F430 /* Base */,
			);
			name = Main.storyboard;
			sourceTree = "<group>";
		};
		CB5369171904C4890045F430 /* InfoPlist.strings */ = {
			isa = PBXVariantGroup;
			children = (
				CB5369181904C4890045F430 /* en */,
			);
			name = InfoPlist.strings;
			sourceTree = "<group>";
		};
/* End PBXVariantGroup section */

/* Begin XCBuildConfiguration section */
		CB53691C1904C4890045F430 /* Debug */ = {
			isa = XCBuildConfiguration;
			buildSettings = {
				ALWAYS_SEARCH_USER_PATHS = NO;
				CLANG_CXX_LANGUAGE_STANDARD = "gnu++0x";
				CLANG_CXX_LIBRARY = "libc++";
				CLANG_ENABLE_MODULES = YES;
				CLANG_ENABLE_OBJC_ARC = YES;
				CLANG_WARN_BOOL_CONVERSION = YES;
				CLANG_WARN_CONSTANT_CONVERSION = YES;
				CLANG_WARN_DIRECT_OBJC_ISA_USAGE = YES_ERROR;
				CLANG_WARN_EMPTY_BODY = YES;
				CLANG_WARN_ENUM_CONVERSION = YES;
				CLANG_WARN_INT_CONVERSION = YES;
				CLANG_WARN_OBJC_ROOT_CLASS = YES_ERROR;
				CLANG_WARN__DUPLICATE_METHOD_MATCH = YES;
				"CODE_SIGN_IDENTITY[sdk=iphoneos*]" = "iPhone Developer";
				COPY_PHASE_STRIP = NO;
				GCC_C_LANGUAGE_STANDARD = gnu99;
				GCC_DYNAMIC_NO_PIC = NO;
				GCC_OPTIMIZATION_LEVEL = 0;
				GCC_PREPROCESSOR_DEFINITIONS = (
					"DEBUG=1",
					"$(inherited)",
				);
				GCC_SYMBOLS_PRIVATE_EXTERN = NO;
				GCC_WARN_64_TO_32_BIT_CONVERSION = YES;
				GCC_WARN_ABOUT_RETURN_TYPE = YES_ERROR;
				GCC_WARN_UNDECLARED_SELECTOR = YES;
				GCC_WARN_UNINITIALIZED_AUTOS = YES_AGGRESSIVE;
				GCC_WARN_UNUSED_FUNCTION = YES;
				GCC_WARN_UNUSED_VARIABLE = YES;
				IPHONEOS_DEPLOYMENT_TARGET = 5.0;
				ONLY_ACTIVE_ARCH = YES;
				SDKROOT = iphoneos;
			};
			name = Debug;
		};
		CB53691D1904C4890045F430 /* Release */ = {
			isa = XCBuildConfiguration;
			buildSettings = {
				ALWAYS_SEARCH_USER_PATHS = NO;
				CLANG_CXX_LANGUAGE_STANDARD = "gnu++0x";
				CLANG_CXX_LIBRARY = "libc++";
				CLANG_ENABLE_MODULES = YES;
				CLANG_ENABLE_OBJC_ARC = YES;
				CLANG_WARN_BOOL_CONVERSION = YES;
				CLANG_WARN_CONSTANT_CONVERSION = YES;
				CLANG_WARN_DIRECT_OBJC_ISA_USAGE = YES_ERROR;
				CLANG_WARN_EMPTY_BODY = YES;
				CLANG_WARN_ENUM_CONVERSION = YES;
				CLANG_WARN_INT_CONVERSION = YES;
				CLANG_WARN_OBJC_ROOT_CLASS = YES_ERROR;
				CLANG_WARN__DUPLICATE_METHOD_MATCH = YES;
				"CODE_SIGN_IDENTITY[sdk=iphoneos*]" = "iPhone Developer";
				COPY_PHASE_STRIP = YES;
				ENABLE_NS_ASSERTIONS = NO;
				GCC_C_LANGUAGE_STANDARD = gnu99;
				GCC_WARN_64_TO_32_BIT_CONVERSION = YES;
				GCC_WARN_ABOUT_RETURN_TYPE = YES_ERROR;
				GCC_WARN_UNDECLARED_SELECTOR = YES;
				GCC_WARN_UNINITIALIZED_AUTOS = YES_AGGRESSIVE;
				GCC_WARN_UNUSED_FUNCTION = YES;
				GCC_WARN_UNUSED_VARIABLE = YES;
				IPHONEOS_DEPLOYMENT_TARGET = 5.0;
				SDKROOT = iphoneos;
				VALIDATE_PRODUCT = YES;
			};
			name = Release;
		};
		CB53691F1904C4890045F430 /* Debug */ = {
			isa = XCBuildConfiguration;
			buildSettings = {
				ASSETCATALOG_COMPILER_APPICON_NAME = AppIcon;
				ASSETCATALOG_COMPILER_LAUNCHIMAGE_NAME = LaunchImage;
				GCC_PRECOMPILE_PREFIX_HEADER = YES;
				GCC_PREFIX_HEADER = "BanMaYunSDKTest/BanMaYunSDKTest-Prefix.pch";
				INFOPLIST_FILE = "BanMaYunSDKTest/BanMaYunSDKTest-Info.plist";
				IPHONEOS_DEPLOYMENT_TARGET = 6.0;
				PRODUCT_NAME = "$(TARGET_NAME)";
				WRAPPER_EXTENSION = app;
			};
			name = Debug;
		};
		CB5369201904C4890045F430 /* Release */ = {
			isa = XCBuildConfiguration;
			buildSettings = {
				ASSETCATALOG_COMPILER_APPICON_NAME = AppIcon;
				ASSETCATALOG_COMPILER_LAUNCHIMAGE_NAME = LaunchImage;
				GCC_PRECOMPILE_PREFIX_HEADER = YES;
				GCC_PREFIX_HEADER = "BanMaYunSDKTest/BanMaYunSDKTest-Prefix.pch";
				INFOPLIST_FILE = "BanMaYunSDKTest/BanMaYunSDKTest-Info.plist";
				IPHONEOS_DEPLOYMENT_TARGET = 6.0;
				PRODUCT_NAME = "$(TARGET_NAME)";
				WRAPPER_EXTENSION = app;
			};
			name = Release;
		};
		CB5369221904C4890045F430 /* Debug */ = {
			isa = XCBuildConfiguration;
			buildSettings = {
				BUNDLE_LOADER = "$(BUILT_PRODUCTS_DIR)/BanMaYunSDKTest.app/BanMaYunSDKTest";
				FRAMEWORK_SEARCH_PATHS = (
					"$(SDKROOT)/Developer/Library/Frameworks",
					"$(inherited)",
					"$(DEVELOPER_FRAMEWORKS_DIR)",
				);
				GCC_PRECOMPILE_PREFIX_HEADER = YES;
				GCC_PREFIX_HEADER = "BanMaYunSDKTest/BanMaYunSDKTest-Prefix.pch";
				GCC_PREPROCESSOR_DEFINITIONS = (
					"DEBUG=1",
					"$(inherited)",
				);
				INFOPLIST_FILE = "BanMaYunSDKTestTests/BanMaYunSDKTestTests-Info.plist";
				PRODUCT_NAME = "$(TARGET_NAME)";
				TEST_HOST = "$(BUNDLE_LOADER)";
				WRAPPER_EXTENSION = xctest;
			};
			name = Debug;
		};
		CB5369231904C4890045F430 /* Release */ = {
			isa = XCBuildConfiguration;
			buildSettings = {
				BUNDLE_LOADER = "$(BUILT_PRODUCTS_DIR)/BanMaYunSDKTest.app/BanMaYunSDKTest";
				FRAMEWORK_SEARCH_PATHS = (
					"$(SDKROOT)/Developer/Library/Frameworks",
					"$(inherited)",
					"$(DEVELOPER_FRAMEWORKS_DIR)",
				);
				GCC_PRECOMPILE_PREFIX_HEADER = YES;
				GCC_PREFIX_HEADER = "BanMaYunSDKTest/BanMaYunSDKTest-Prefix.pch";
				INFOPLIST_FILE = "BanMaYunSDKTestTests/BanMaYunSDKTestTests-Info.plist";
				PRODUCT_NAME = "$(TARGET_NAME)";
				TEST_HOST = "$(BUNDLE_LOADER)";
				WRAPPER_EXTENSION = xctest;
			};
			name = Release;
		};
/* End XCBuildConfiguration section */

/* Begin XCConfigurationList section */
		CB5368E71904C4890045F430 /* Build configuration list for PBXProject "BanMaYunSDKTest" */ = {
			isa = XCConfigurationList;
			buildConfigurations = (
				CB53691C1904C4890045F430 /* Debug */,
				CB53691D1904C4890045F430 /* Release */,
			);
			defaultConfigurationIsVisible = 0;
			defaultConfigurationName = Release;
		};
		CB53691E1904C4890045F430 /* Build configuration list for PBXNativeTarget "BanMaYunSDKTest" */ = {
			isa = XCConfigurationList;
			buildConfigurations = (
				CB53691F1904C4890045F430 /* Debug */,
				CB5369201904C4890045F430 /* Release */,
			);
			defaultConfigurationIsVisible = 0;
			defaultConfigurationName = Release;
		};
		CB5369211904C4890045F430 /* Build configuration list for PBXNativeTarget "BanMaYunSDKTestTests" */ = {
			isa = XCConfigurationList;
			buildConfigurations = (
				CB5369221904C4890045F430 /* Debug */,
				CB5369231904C4890045F430 /* Release */,
			);
			defaultConfigurationIsVisible = 0;
			defaultConfigurationName = Release;
		};
/* End XCConfigurationList section */
	};
	rootObject = CB5368E41904C4890045F430 /* Project object */;
}
